{
  "name": "gatsby-remark-custom",
  "version": "0.0.0",
  "lockfileVersion": 3,
  "requires": true,
  "packages": {
    "": {
      "name": "gatsby-remark-custom",
      "version": "0.0.0",
      "dependencies": {
        "gatsby-remark-custom": "file:"
      }
    },
    "node_modules/gatsby-remark-custom": {
      "resolved": "",
      "link": true
    }
  }
}
